
Microsoft Visual Studio Solution File, Format Version 12.00
# Visual Studio 2013
VisualStudioVersion = 12.0.31101.0
MinimumVisualStudioVersion = 10.0.40219.1
Project("{FAE04EC0-301F-11D3-BF4B-00C04F79EFBC}") = "GDTAndroidSDK", "GDTAndroidSDK\GDTAndroidSDK.csproj", "{2E014DCF-AB82-4A85-8625-5A36E1F9EDF4}"
EndProject
Project("{FAE04EC0-301F-11D3-BF4B-00C04F79EFBC}") = "GDTAndroid.Demo", "GDTAndroid.Demo\GDTAndroid.Demo.csproj", "{9F1D299C-ECF6-4CD7-A61D-049B09DB0D49}"
EndProject
Global
	GlobalSection(SolutionConfigurationPlatforms) = preSolution
		Debug|Any CPU = Debug|Any CPU
		Release|Any CPU = Release|Any CPU
	EndGlobalSection
	GlobalSection(ProjectConfigurationPlatforms) = postSolution
		{2E014DCF-AB82-4A85-8625-5A36E1F9EDF4}.Debug|Any CPU.ActiveCfg = Debug|Any CPU
		{2E014DCF-AB82-4A85-8625-5A36E1F9EDF4}.Debug|Any CPU.Build.0 = Debug|Any CPU
		{2E014DCF-AB82-4A85-8625-5A36E1F9EDF4}.Release|Any CPU.ActiveCfg = Release|Any CPU
		{2E014DCF-AB82-4A85-8625-5A36E1F9EDF4}.Release|Any CPU.Build.0 = Release|Any CPU
		{9F1D299C-ECF6-4CD7-A61D-049B09DB0D49}.Debug|Any CPU.ActiveCfg = Debug|Any CPU
		{9F1D299C-ECF6-4CD7-A61D-049B09DB0D49}.Debug|Any CPU.Build.0 = Debug|Any CPU
		{9F1D299C-ECF6-4CD7-A61D-049B09DB0D49}.Debug|Any CPU.Deploy.0 = Debug|Any CPU
		{9F1D299C-ECF6-4CD7-A61D-049B09DB0D49}.Release|Any CPU.ActiveCfg = Release|Any CPU
		{9F1D299C-ECF6-4CD7-A61D-049B09DB0D49}.Release|Any CPU.Build.0 = Release|Any CPU
		{9F1D299C-ECF6-4CD7-A61D-049B09DB0D49}.Release|Any CPU.Deploy.0 = Release|Any CPU
	EndGlobalSection
	GlobalSection(SolutionProperties) = preSolution
		HideSolutionNode = FALSE
	EndGlobalSection
EndGlobal
